
Microsoft Visual Studio Solution File, Format Version 12.00
# Visual Studio 15
VisualStudioVersion = 15.0.28307.572
MinimumVisualStudioVersion = 10.0.40219.1
Project("{8BC9CEB8-8B4A-11D0-8D11-00A0C91BC942}") = "Affiliationrobust", "Affiliationrobust\Affiliationrobust.vcxproj", "{EBBBD771-3131-43AF-852D-A83F56F262F7}"
EndProject
Global
	GlobalSection(SolutionConfigurationPlatforms) = preSolution
		Debug|x64 = Debug|x64
		Debug|x86 = Debug|x86
		Release|x64 = Release|x64
		Release|x86 = Release|x86
	EndGlobalSection
	GlobalSection(ProjectConfigurationPlatforms) = postSolution
		{EBBBD771-3131-43AF-852D-A83F56F262F7}.Debug|x64.ActiveCfg = Debug|x64
		{EBBBD771-3131-43AF-852D-A83F56F262F7}.Debug|x64.Build.0 = Debug|x64
		{EBBBD771-3131-43AF-852D-A83F56F262F7}.Debug|x86.ActiveCfg = Debug|Win32
		{EBBBD771-3131-43AF-852D-A83F56F262F7}.Debug|x86.Build.0 = Debug|Win32
		{EBBBD771-3131-43AF-852D-A83F56F262F7}.Release|x64.ActiveCfg = Release|x64
		{EBBBD771-3131-43AF-852D-A83F56F262F7}.Release|x64.Build.0 = Release|x64
		{EBBBD771-3131-43AF-852D-A83F56F262F7}.Release|x86.ActiveCfg = Release|Win32
		{EBBBD771-3131-43AF-852D-A83F56F262F7}.Release|x86.Build.0 = Release|Win32
	EndGlobalSection
	GlobalSection(SolutionProperties) = preSolution
		HideSolutionNode = FALSE
	EndGlobalSection
	GlobalSection(ExtensibilityGlobals) = postSolution
		SolutionGuid = {96583FCF-413A-4EEC-8856-8AAD0EAFFC27}
	EndGlobalSection
EndGlobal
